
Microsoft Visual Studio Solution File, Format Version 12.00
# Visual Studio Version 17
VisualStudioVersion = 17.10.35122.118
MinimumVisualStudioVersion = 10.0.40219.1
Project("{FAE04EC0-301F-11D3-BF4B-00C04F79EFBC}") = "ToDoListUniversity", "ToDoListUniversity\ToDoListUniversity.csproj", "{A2574911-47A5-4D99-9878-1699EC8E3443}"
EndProject
Global
	GlobalSection(SolutionConfigurationPlatforms) = preSolution
		Debug|Any CPU = Debug|Any CPU
		Release|Any CPU = Release|Any CPU
	EndGlobalSection
	GlobalSection(ProjectConfigurationPlatforms) = postSolution
		{A2574911-47A5-4D99-9878-1699EC8E3443}.Debug|Any CPU.ActiveCfg = Debug|Any CPU
		{A2574911-47A5-4D99-9878-1699EC8E3443}.Debug|Any CPU.Build.0 = Debug|Any CPU
		{A2574911-47A5-4D99-9878-1699EC8E3443}.Release|Any CPU.ActiveCfg = Release|Any CPU
		{A2574911-47A5-4D99-9878-1699EC8E3443}.Release|Any CPU.Build.0 = Release|Any CPU
	EndGlobalSection
	GlobalSection(SolutionProperties) = preSolution
		HideSolutionNode = FALSE
	EndGlobalSection
	GlobalSection(ExtensibilityGlobals) = postSolution
		SolutionGuid = {F9BC5562-2000-44A7-BE19-B694D1655FB7}
	EndGlobalSection
EndGlobal
